
Microsoft Visual Studio Solution File, Format Version 12.00
# Visual Studio 14
VisualStudioVersion = 14.0.25420.1
MinimumVisualStudioVersion = 10.0.40219.1
Project("{FAE04EC0-301F-11D3-BF4B-00C04F79EFBC}") = "BussinessLogic", "BussinessLogic\BussinessLogic.csproj", "{5741F57A-8829-4EE5-BC9B-B89F720CB445}"
EndProject
Project("{FAE04EC0-301F-11D3-BF4B-00C04F79EFBC}") = "BussinessObject", "BussinessObject\BussinessObject.csproj", "{A412E57C-F384-4244-B001-492E8221E038}"
EndProject
Project("{FAE04EC0-301F-11D3-BF4B-00C04F79EFBC}") = "DataAcessLayer", "DataAcessLayer\DataAcessLayer.csproj", "{3250377B-A865-4DDD-953E-D82CBB3B5169}"
EndProject
Project("{FAE04EC0-301F-11D3-BF4B-00C04F79EFBC}") = "WebAppUser", "WebAppUser\WebAppUser.csproj", "{F1F64724-731B-43E4-957D-C3F974B621BF}"
EndProject
Global
	GlobalSection(SolutionConfigurationPlatforms) = preSolution
		Debug|Any CPU = Debug|Any CPU
		Release|Any CPU = Release|Any CPU
	EndGlobalSection
	GlobalSection(ProjectConfigurationPlatforms) = postSolution
		{5741F57A-8829-4EE5-BC9B-B89F720CB445}.Debug|Any CPU.ActiveCfg = Debug|Any CPU
		{5741F57A-8829-4EE5-BC9B-B89F720CB445}.Debug|Any CPU.Build.0 = Debug|Any CPU
		{5741F57A-8829-4EE5-BC9B-B89F720CB445}.Release|Any CPU.ActiveCfg = Release|Any CPU
		{5741F57A-8829-4EE5-BC9B-B89F720CB445}.Release|Any CPU.Build.0 = Release|Any CPU
		{A412E57C-F384-4244-B001-492E8221E038}.Debug|Any CPU.ActiveCfg = Debug|Any CPU
		{A412E57C-F384-4244-B001-492E8221E038}.Debug|Any CPU.Build.0 = Debug|Any CPU
		{A412E57C-F384-4244-B001-492E8221E038}.Release|Any CPU.ActiveCfg = Release|Any CPU
		{A412E57C-F384-4244-B001-492E8221E038}.Release|Any CPU.Build.0 = Release|Any CPU
		{3250377B-A865-4DDD-953E-D82CBB3B5169}.Debug|Any CPU.ActiveCfg = Debug|Any CPU
		{3250377B-A865-4DDD-953E-D82CBB3B5169}.Debug|Any CPU.Build.0 = Debug|Any CPU
		{3250377B-A865-4DDD-953E-D82CBB3B5169}.Release|Any CPU.ActiveCfg = Release|Any CPU
		{3250377B-A865-4DDD-953E-D82CBB3B5169}.Release|Any CPU.Build.0 = Release|Any CPU
		{F1F64724-731B-43E4-957D-C3F974B621BF}.Debug|Any CPU.ActiveCfg = Debug|Any CPU
		{F1F64724-731B-43E4-957D-C3F974B621BF}.Debug|Any CPU.Build.0 = Debug|Any CPU
		{F1F64724-731B-43E4-957D-C3F974B621BF}.Release|Any CPU.ActiveCfg = Release|Any CPU
		{F1F64724-731B-43E4-957D-C3F974B621BF}.Release|Any CPU.Build.0 = Release|Any CPU
	EndGlobalSection
	GlobalSection(SolutionProperties) = preSolution
		HideSolutionNode = FALSE
	EndGlobalSection
EndGlobal
